
Microsoft Visual Studio Solution File, Format Version 12.00
# Visual Studio Version 17
VisualStudioVersion = 17.6.33723.286
MinimumVisualStudioVersion = 10.0.40219.1
Project("{FAE04EC0-301F-11D3-BF4B-00C04F79EFBC}") = "Temperature", "Temperature\Temperature.csproj", "{4237B094-577B-4269-A912-3D93200576D9}"
EndProject
Global
	GlobalSection(SolutionConfigurationPlatforms) = preSolution
		Debug|Any CPU = Debug|Any CPU
		Release|Any CPU = Release|Any CPU
	EndGlobalSection
	GlobalSection(ProjectConfigurationPlatforms) = postSolution
		{4237B094-577B-4269-A912-3D93200576D9}.Debug|Any CPU.ActiveCfg = Debug|Any CPU
		{4237B094-577B-4269-A912-3D93200576D9}.Debug|Any CPU.Build.0 = Debug|Any CPU
		{4237B094-577B-4269-A912-3D93200576D9}.Release|Any CPU.ActiveCfg = Release|Any CPU
		{4237B094-577B-4269-A912-3D93200576D9}.Release|Any CPU.Build.0 = Release|Any CPU
	EndGlobalSection
	GlobalSection(SolutionProperties) = preSolution
		HideSolutionNode = FALSE
	EndGlobalSection
	GlobalSection(ExtensibilityGlobals) = postSolution
		SolutionGuid = {689560AD-04B6-49C5-A5D3-515C1CE30C74}
	EndGlobalSection
EndGlobal
